// !$*UTF8*$!
{
	archiveVersion = 1;
	classes = {
	};
	objectVersion = 46;
	objects = {

/* Begin PBXBuildFile section */
		1114CA5B1EF045C8005A14CE /* Login.storyboard in Resources */ = {isa = PBXBuildFile; fileRef = 1114CA5A1EF045C8005A14CE /* Login.storyboard */; };
		1114CA5E1EF046B2005A14CE /* LoginViewController.m in Sources */ = {isa = PBXBuildFile; fileRef = 1114CA5D1EF046B2005A14CE /* LoginViewController.m */; };
		113FFE481F02B30500162188 /* ProfileViewController.m in Sources */ = {isa = PBXBuildFile; fileRef = 113FFE461F02B30500162188 /* ProfileViewController.m */; };
		113FFE4D1F02B3C700162188 /* Profile.storyboard in Resources */ = {isa = PBXBuildFile; fileRef = 113FFE4C1F02B3C700162188 /* Profile.storyboard */; };
		113FFE561F04067100162188 /* InitialSetUpViewController.m in Sources */ = {isa = PBXBuildFile; fileRef = 113FFE551F04067100162188 /* InitialSetUpViewController.m */; };
		113FFE581F04068F00162188 /* InitialSetUp.storyboard in Resources */ = {isa = PBXBuildFile; fileRef = 113FFE571F04068F00162188 /* InitialSetUp.storyboard */; };
		114CFBEE1EF02F39002F4B7D /* main.m in Sources */ = {isa = PBXBuildFile; fileRef = 114CFBED1EF02F39002F4B7D /* main.m */; };
		114CFBF11EF02F39002F4B7D /* AppDelegate.m in Sources */ = {isa = PBXBuildFile; fileRef = 114CFBF01EF02F39002F4B7D /* AppDelegate.m */; };
		114CFBF71EF02F39002F4B7D /* Main.storyboard in Resources */ = {isa = PBXBuildFile; fileRef = 114CFBF51EF02F39002F4B7D /* Main.storyboard */; };
		114CFBF91EF02F39002F4B7D /* Assets.xcassets in Resources */ = {isa = PBXBuildFile; fileRef = 114CFBF81EF02F39002F4B7D /* Assets.xcassets */; };
		114CFBFC1EF02F39002F4B7D /* LaunchScreen.storyboard in Resources */ = {isa = PBXBuildFile; fileRef = 114CFBFA1EF02F39002F4B7D /* LaunchScreen.storyboard */; };
		115A5CF51EF18AFF00E86921 /* TabBarViewController.m in Sources */ = {isa = PBXBuildFile; fileRef = 115A5CF41EF18AFF00E86921 /* TabBarViewController.m */; };
		118038311EF17C750062DEF9 /* Home.storyboard in Resources */ = {isa = PBXBuildFile; fileRef = 118038301EF17C750062DEF9 /* Home.storyboard */; };
		118038341EF17CEB0062DEF9 /* HomeViewController.m in Sources */ = {isa = PBXBuildFile; fileRef = 118038331EF17CEB0062DEF9 /* HomeViewController.m */; };
		11FDFA211F0535E600C3ADBF /* AppUtils.m in Sources */ = {isa = PBXBuildFile; fileRef = 11FDFA201F0535E600C3ADBF /* AppUtils.m */; };
		11FDFA2D1F05750F00C3ADBF /* Register.storyboard in Resources */ = {isa = PBXBuildFile; fileRef = 11FDFA2C1F05750F00C3ADBF /* Register.storyboard */; };
		11FDFA301F05752000C3ADBF /* RegisterViewController.m in Sources */ = {isa = PBXBuildFile; fileRef = 11FDFA2F1F05752000C3ADBF /* RegisterViewController.m */; };
		C4BC8226FD98BF7109E7B9C8 /* libPods-WeVolunteer.a in Frameworks */ = {isa = PBXBuildFile; fileRef = 339191B153D558D6A206AD66 /* libPods-WeVolunteer.a */; };
		E0E04B0A1F09C98A005D30AD /* GoogleService-Info.plist in Resources */ = {isa = PBXBuildFile; fileRef = E0E04B091F09C98A005D30AD /* GoogleService-Info.plist */; };
/* End PBXBuildFile section */

/* Begin PBXFileReference section */
		02A39FFB4C0F6B3D1805F895 /* Pods-WeVolunteer.debug.xcconfig */ = {isa = PBXFileReference; includeInIndex = 1; lastKnownFileType = text.xcconfig; name = "Pods-WeVolunteer.debug.xcconfig"; path = "Pods/Target Support Files/Pods-WeVolunteer/Pods-WeVolunteer.debug.xcconfig"; sourceTree = "<group>"; };
		1114CA5A1EF045C8005A14CE /* Login.storyboard */ = {isa = PBXFileReference; fileEncoding = 4; lastKnownFileType = file.storyboard; path = Login.storyboard; sourceTree = "<group>"; };
		1114CA5C1EF046B2005A14CE /* LoginViewController.h */ = {isa = PBXFileReference; fileEncoding = 4; lastKnownFileType = sourcecode.c.h; path = LoginViewController.h; sourceTree = "<group>"; };
		1114CA5D1EF046B2005A14CE /* LoginViewController.m */ = {isa = PBXFileReference; fileEncoding = 4; lastKnownFileType = sourcecode.c.objc; path = LoginViewController.m; sourceTree = "<group>"; };
		113FFE451F02B30500162188 /* ProfileViewController.h */ = {isa = PBXFileReference; fileEncoding = 4; lastKnownFileType = sourcecode.c.h; path = ProfileViewController.h; sourceTree = "<group>"; };
		113FFE461F02B30500162188 /* ProfileViewController.m */ = {isa = PBXFileReference; fileEncoding = 4; lastKnownFileType = sourcecode.c.objc; path = ProfileViewController.m; sourceTree = "<group>"; };
		113FFE4C1F02B3C700162188 /* Profile.storyboard */ = {isa = PBXFileReference; fileEncoding = 4; lastKnownFileType = file.storyboard; path = Profile.storyboard; sourceTree = "<group>"; };
		113FFE541F04067100162188 /* InitialSetUpViewController.h */ = {isa = PBXFileReference; fileEncoding = 4; lastKnownFileType = sourcecode.c.h; path = InitialSetUpViewController.h; sourceTree = "<group>"; };
		113FFE551F04067100162188 /* InitialSetUpViewController.m */ = {isa = PBXFileReference; fileEncoding = 4; lastKnownFileType = sourcecode.c.objc; path = InitialSetUpViewController.m; sourceTree = "<group>"; };
		113FFE571F04068F00162188 /* InitialSetUp.storyboard */ = {isa = PBXFileReference; fileEncoding = 4; lastKnownFileType = file.storyboard; path = InitialSetUp.storyboard; sourceTree = "<group>"; };
		114CFBE91EF02F39002F4B7D /* WeVolunteer.app */ = {isa = PBXFileReference; explicitFileType = wrapper.application; includeInIndex = 0; path = WeVolunteer.app; sourceTree = BUILT_PRODUCTS_DIR; };
		114CFBED1EF02F39002F4B7D /* main.m */ = {isa = PBXFileReference; lastKnownFileType = sourcecode.c.objc; path = main.m; sourceTree = "<group>"; };
		114CFBEF1EF02F39002F4B7D /* AppDelegate.h */ = {isa = PBXFileReference; lastKnownFileType = sourcecode.c.h; path = AppDelegate.h; sourceTree = "<group>"; };
		114CFBF01EF02F39002F4B7D /* AppDelegate.m */ = {isa = PBXFileReference; lastKnownFileType = sourcecode.c.objc; path = AppDelegate.m; sourceTree = "<group>"; };
		114CFBF61EF02F39002F4B7D /* Base */ = {isa = PBXFileReference; lastKnownFileType = file.storyboard; name = Base; path = Base.lproj/Main.storyboard; sourceTree = "<group>"; };
		114CFBF81EF02F39002F4B7D /* Assets.xcassets */ = {isa = PBXFileReference; lastKnownFileType = folder.assetcatalog; path = Assets.xcassets; sourceTree = "<group>"; };
		114CFBFB1EF02F39002F4B7D /* Base */ = {isa = PBXFileReference; lastKnownFileType = file.storyboard; name = Base; path = Base.lproj/LaunchScreen.storyboard; sourceTree = "<group>"; };
		114CFBFD1EF02F39002F4B7D /* Info.plist */ = {isa = PBXFileReference; lastKnownFileType = text.plist.xml; path = Info.plist; sourceTree = "<group>"; };
		115A5CF31EF18AFF00E86921 /* TabBarViewController.h */ = {isa = PBXFileReference; fileEncoding = 4; lastKnownFileType = sourcecode.c.h; path = TabBarViewController.h; sourceTree = "<group>"; };
		115A5CF41EF18AFF00E86921 /* TabBarViewController.m */ = {isa = PBXFileReference; fileEncoding = 4; lastKnownFileType = sourcecode.c.objc; path = TabBarViewController.m; sourceTree = "<group>"; };
		118038301EF17C750062DEF9 /* Home.storyboard */ = {isa = PBXFileReference; fileEncoding = 4; lastKnownFileType = file.storyboard; path = Home.storyboard; sourceTree = "<group>"; };
		118038321EF17CEB0062DEF9 /* HomeViewController.h */ = {isa = PBXFileReference; fileEncoding = 4; lastKnownFileType = sourcecode.c.h; path = HomeViewController.h; sourceTree = "<group>"; };
		118038331EF17CEB0062DEF9 /* HomeViewController.m */ = {isa = PBXFileReference; fileEncoding = 4; lastKnownFileType = sourcecode.c.objc; path = HomeViewController.m; sourceTree = "<group>"; };
		11FDFA1F1F0535E600C3ADBF /* AppUtils.h */ = {isa = PBXFileReference; fileEncoding = 4; lastKnownFileType = sourcecode.c.h; path = AppUtils.h; sourceTree = "<group>"; };
		11FDFA201F0535E600C3ADBF /* AppUtils.m */ = {isa = PBXFileReference; fileEncoding = 4; lastKnownFileType = sourcecode.c.objc; path = AppUtils.m; sourceTree = "<group>"; };
		11FDFA231F05407C00C3ADBF /* Constants.h */ = {isa = PBXFileReference; fileEncoding = 4; lastKnownFileType = sourcecode.c.h; path = Constants.h; sourceTree = "<group>"; };
		11FDFA2C1F05750F00C3ADBF /* Register.storyboard */ = {isa = PBXFileReference; fileEncoding = 4; lastKnownFileType = file.storyboard; path = Register.storyboard; sourceTree = "<group>"; };
		11FDFA2E1F05752000C3ADBF /* RegisterViewController.h */ = {isa = PBXFileReference; fileEncoding = 4; lastKnownFileType = sourcecode.c.h; path = RegisterViewController.h; sourceTree = "<group>"; };
		11FDFA2F1F05752000C3ADBF /* RegisterViewController.m */ = {isa = PBXFileReference; fileEncoding = 4; lastKnownFileType = sourcecode.c.objc; path = RegisterViewController.m; sourceTree = "<group>"; };
		339191B153D558D6A206AD66 /* libPods-WeVolunteer.a */ = {isa = PBXFileReference; explicitFileType = archive.ar; includeInIndex = 0; path = "libPods-WeVolunteer.a"; sourceTree = BUILT_PRODUCTS_DIR; };
		A56522C5797B734E61C07D76 /* Pods-WeVolunteer.release.xcconfig */ = {isa = PBXFileReference; includeInIndex = 1; lastKnownFileType = text.xcconfig; name = "Pods-WeVolunteer.release.xcconfig"; path = "Pods/Target Support Files/Pods-WeVolunteer/Pods-WeVolunteer.release.xcconfig"; sourceTree = "<group>"; };
		E0E04B091F09C98A005D30AD /* GoogleService-Info.plist */ = {isa = PBXFileReference; fileEncoding = 4; lastKnownFileType = text.plist.xml; name = "GoogleService-Info.plist"; path = "../../../../Downloads/GoogleService-Info.plist"; sourceTree = "<group>"; };
/* End PBXFileReference section */

/* Begin PBXFrameworksBuildPhase section */
		114CFBE61EF02F39002F4B7D /* Frameworks */ = {
			isa = PBXFrameworksBuildPhase;
			buildActionMask = 2147483647;
			files = (
				C4BC8226FD98BF7109E7B9C8 /* libPods-WeVolunteer.a in Frameworks */,
			);
			runOnlyForDeploymentPostprocessing = 0;
		};
/* End PBXFrameworksBuildPhase section */

/* Begin PBXGroup section */
		113FFE531F04061300162188 /* InitialSetUp */ = {
			isa = PBXGroup;
			children = (
				113FFE541F04067100162188 /* InitialSetUpViewController.h */,
				113FFE551F04067100162188 /* InitialSetUpViewController.m */,
				113FFE571F04068F00162188 /* InitialSetUp.storyboard */,
			);
			name = InitialSetUp;
			sourceTree = "<group>";
		};
		113FFE591F04128C00162188 /* TabBarControllers */ = {
			isa = PBXGroup;
			children = (
				115A5CF31EF18AFF00E86921 /* TabBarViewController.h */,
				115A5CF41EF18AFF00E86921 /* TabBarViewController.m */,
			);
			name = TabBarControllers;
			sourceTree = "<group>";
		};
		113FFE5A1F0412F100162188 /* ViewControllers */ = {
			isa = PBXGroup;
			children = (
				11FDFA241F05736A00C3ADBF /* Register */,
				113FFE5D1F04131A00162188 /* Home */,
				113FFE5B1F0412FD00162188 /* Login */,
				113FFE5F1F04134000162188 /* Profile */,
			);
			name = ViewControllers;
			sourceTree = "<group>";
		};
		113FFE5B1F0412FD00162188 /* Login */ = {
			isa = PBXGroup;
			children = (
				113FFE5C1F04130C00162188 /* LoginViewController */,
			);
			name = Login;
			sourceTree = "<group>";
		};
		113FFE5C1F04130C00162188 /* LoginViewController */ = {
			isa = PBXGroup;
			children = (
				1114CA5C1EF046B2005A14CE /* LoginViewController.h */,
				1114CA5D1EF046B2005A14CE /* LoginViewController.m */,
			);
			name = LoginViewController;
			sourceTree = "<group>";
		};
		113FFE5D1F04131A00162188 /* Home */ = {
			isa = PBXGroup;
			children = (
				113FFE5E1F04132000162188 /* HomeViewController */,
			);
			name = Home;
			sourceTree = "<group>";
		};
		113FFE5E1F04132000162188 /* HomeViewController */ = {
			isa = PBXGroup;
			children = (
				118038321EF17CEB0062DEF9 /* HomeViewController.h */,
				118038331EF17CEB0062DEF9 /* HomeViewController.m */,
			);
			name = HomeViewController;
			sourceTree = "<group>";
		};
		113FFE5F1F04134000162188 /* Profile */ = {
			isa = PBXGroup;
			children = (
				113FFE601F04134600162188 /* ProfileViewController */,
			);
			name = Profile;
			sourceTree = "<group>";
		};
		113FFE601F04134600162188 /* ProfileViewController */ = {
			isa = PBXGroup;
			children = (
				113FFE451F02B30500162188 /* ProfileViewController.h */,
				113FFE461F02B30500162188 /* ProfileViewController.m */,
			);
			name = ProfileViewController;
			sourceTree = "<group>";
		};
		114CFBE01EF02F39002F4B7D = {
			isa = PBXGroup;
			children = (
				114CFBEB1EF02F39002F4B7D /* WeVolunteer */,
				132AE1502B651845B116E842 /* Frameworks */,
				FE480E8D99E1ACC69654852D /* Pods */,
				114CFBEA1EF02F39002F4B7D /* Products */,
			);
			sourceTree = "<group>";
		};
		114CFBEA1EF02F39002F4B7D /* Products */ = {
			isa = PBXGroup;
			children = (
				114CFBE91EF02F39002F4B7D /* WeVolunteer.app */,
			);
			name = Products;
			sourceTree = "<group>";
		};
		114CFBEB1EF02F39002F4B7D /* WeVolunteer */ = {
			isa = PBXGroup;
			children = (
				E0E04B091F09C98A005D30AD /* GoogleService-Info.plist */,
				114CFBEF1EF02F39002F4B7D /* AppDelegate.h */,
				114CFBF01EF02F39002F4B7D /* AppDelegate.m */,
				114CFBFD1EF02F39002F4B7D /* Info.plist */,
				118038301EF17C750062DEF9 /* Home.storyboard */,
				1114CA5A1EF045C8005A14CE /* Login.storyboard */,
				114CFBFA1EF02F39002F4B7D /* LaunchScreen.storyboard */,
				114CFBF51EF02F39002F4B7D /* Main.storyboard */,
				113FFE4C1F02B3C700162188 /* Profile.storyboard */,
				11FDFA2C1F05750F00C3ADBF /* Register.storyboard */,
				114CFBF81EF02F39002F4B7D /* Assets.xcassets */,
				11FDFA1B1F0533EE00C3ADBF /* Config */,
				113FFE531F04061300162188 /* InitialSetUp */,
				114CFBEC1EF02F39002F4B7D /* Supporting Files */,
				113FFE591F04128C00162188 /* TabBarControllers */,
				113FFE5A1F0412F100162188 /* ViewControllers */,
			);
			path = WeVolunteer;
			sourceTree = "<group>";
		};
		114CFBEC1EF02F39002F4B7D /* Supporting Files */ = {
			isa = PBXGroup;
			children = (
				114CFBED1EF02F39002F4B7D /* main.m */,
			);
			name = "Supporting Files";
			sourceTree = "<group>";
		};
		11FDFA1B1F0533EE00C3ADBF /* Config */ = {
			isa = PBXGroup;
			children = (
				11FDFA1F1F0535E600C3ADBF /* AppUtils.h */,
				11FDFA201F0535E600C3ADBF /* AppUtils.m */,
				11FDFA231F05407C00C3ADBF /* Constants.h */,
			);
			name = Config;
			sourceTree = "<group>";
		};
		11FDFA241F05736A00C3ADBF /* Register */ = {
			isa = PBXGroup;
			children = (
				11FDFA251F05737500C3ADBF /* RegisterViewController */,
			);
			name = Register;
			sourceTree = "<group>";
		};
		11FDFA251F05737500C3ADBF /* RegisterViewController */ = {
			isa = PBXGroup;
			children = (
				11FDFA2E1F05752000C3ADBF /* RegisterViewController.h */,
				11FDFA2F1F05752000C3ADBF /* RegisterViewController.m */,
			);
			name = RegisterViewController;
			sourceTree = "<group>";
		};
		132AE1502B651845B116E842 /* Frameworks */ = {
			isa = PBXGroup;
			children = (
				339191B153D558D6A206AD66 /* libPods-WeVolunteer.a */,
			);
			name = Frameworks;
			sourceTree = "<group>";
		};
		FE480E8D99E1ACC69654852D /* Pods */ = {
			isa = PBXGroup;
			children = (
				02A39FFB4C0F6B3D1805F895 /* Pods-WeVolunteer.debug.xcconfig */,
				A56522C5797B734E61C07D76 /* Pods-WeVolunteer.release.xcconfig */,
			);
			name = Pods;
			sourceTree = "<group>";
		};
/* End PBXGroup section */

/* Begin PBXNativeTarget section */
		114CFBE81EF02F39002F4B7D /* WeVolunteer */ = {
			isa = PBXNativeTarget;
			buildConfigurationList = 114CFC001EF02F39002F4B7D /* Build configuration list for PBXNativeTarget "WeVolunteer" */;
			buildPhases = (
				070772A597A28BE492A25D75 /* [CP] Check Pods Manifest.lock */,
				114CFBE51EF02F39002F4B7D /* Sources */,
				114CFBE61EF02F39002F4B7D /* Frameworks */,
				114CFBE71EF02F39002F4B7D /* Resources */,
				AF1CD754BFAC3603FAFAE06C /* [CP] Embed Pods Frameworks */,
				9708A38E8B3EDF47CAA89EAB /* [CP] Copy Pods Resources */,
			);
			buildRules = (
			);
			dependencies = (
			);
			name = WeVolunteer;
			productName = WeVolunteer;
			productReference = 114CFBE91EF02F39002F4B7D /* WeVolunteer.app */;
			productType = "com.apple.product-type.application";
		};
/* End PBXNativeTarget section */

/* Begin PBXProject section */
		114CFBE11EF02F39002F4B7D /* Project object */ = {
			isa = PBXProject;
			attributes = {
				LastUpgradeCheck = 0830;
				ORGANIZATIONNAME = "Daniel Oliveira";
				TargetAttributes = {
					114CFBE81EF02F39002F4B7D = {
						CreatedOnToolsVersion = 8.3.3;
						DevelopmentTeam = W5849F638E;
						ProvisioningStyle = Automatic;
					};
				};
			};
			buildConfigurationList = 114CFBE41EF02F39002F4B7D /* Build configuration list for PBXProject "WeVolunteer" */;
			compatibilityVersion = "Xcode 3.2";
			developmentRegion = English;
			hasScannedForEncodings = 0;
			knownRegions = (
				en,
				Base,
			);
			mainGroup = 114CFBE01EF02F39002F4B7D;
			productRefGroup = 114CFBEA1EF02F39002F4B7D /* Products */;
			projectDirPath = "";
			projectRoot = "";
			targets = (
				114CFBE81EF02F39002F4B7D /* WeVolunteer */,
			);
		};
/* End PBXProject section */

/* Begin PBXResourcesBuildPhase section */
		114CFBE71EF02F39002F4B7D /* Resources */ = {
			isa = PBXResourcesBuildPhase;
			buildActionMask = 2147483647;
			files = (
				113FFE4D1F02B3C700162188 /* Profile.storyboard in Resources */,
				113FFE581F04068F00162188 /* InitialSetUp.storyboard in Resources */,
				E0E04B0A1F09C98A005D30AD /* GoogleService-Info.plist in Resources */,
				1114CA5B1EF045C8005A14CE /* Login.storyboard in Resources */,
				118038311EF17C750062DEF9 /* Home.storyboard in Resources */,
				114CFBFC1EF02F39002F4B7D /* LaunchScreen.storyboard in Resources */,
				114CFBF91EF02F39002F4B7D /* Assets.xcassets in Resources */,
				114CFBF71EF02F39002F4B7D /* Main.storyboard in Resources */,
				11FDFA2D1F05750F00C3ADBF /* Register.storyboard in Resources */,
			);
			runOnlyForDeploymentPostprocessing = 0;
		};
/* End PBXResourcesBuildPhase section */

/* Begin PBXShellScriptBuildPhase section */
		070772A597A28BE492A25D75 /* [CP] Check Pods Manifest.lock */ = {
			isa = PBXShellScriptBuildPhase;
			buildActionMask = 2147483647;
			files = (
			);
			inputPaths = (
			);
			name = "[CP] Check Pods Manifest.lock";
			outputPaths = (
			);
			runOnlyForDeploymentPostprocessing = 0;
			shellPath = /bin/sh;
			shellScript = "diff \"${PODS_ROOT}/../Podfile.lock\" \"${PODS_ROOT}/Manifest.lock\" > /dev/null\nif [ $? != 0 ] ; then\n    # print error to STDERR\n    echo \"error: The sandbox is not in sync with the Podfile.lock. Run 'pod install' or update your CocoaPods installation.\" >&2\n    exit 1\nfi\n";
			showEnvVarsInLog = 0;
		};
		9708A38E8B3EDF47CAA89EAB /* [CP] Copy Pods Resources */ = {
			isa = PBXShellScriptBuildPhase;
			buildActionMask = 2147483647;
			files = (
			);
			inputPaths = (
			);
			name = "[CP] Copy Pods Resources";
			outputPaths = (
			);
			runOnlyForDeploymentPostprocessing = 0;
			shellPath = /bin/sh;
			shellScript = "\"${SRCROOT}/Pods/Target Support Files/Pods-WeVolunteer/Pods-WeVolunteer-resources.sh\"\n";
			showEnvVarsInLog = 0;
		};
		AF1CD754BFAC3603FAFAE06C /* [CP] Embed Pods Frameworks */ = {
			isa = PBXShellScriptBuildPhase;
			buildActionMask = 2147483647;
			files = (
			);
			inputPaths = (
			);
			name = "[CP] Embed Pods Frameworks";
			outputPaths = (
			);
			runOnlyForDeploymentPostprocessing = 0;
			shellPath = /bin/sh;
			shellScript = "\"${SRCROOT}/Pods/Target Support Files/Pods-WeVolunteer/Pods-WeVolunteer-frameworks.sh\"\n";
			showEnvVarsInLog = 0;
		};
/* End PBXShellScriptBuildPhase section */

/* Begin PBXSourcesBuildPhase section */
		114CFBE51EF02F39002F4B7D /* Sources */ = {
			isa = PBXSourcesBuildPhase;
			buildActionMask = 2147483647;
			files = (
				1114CA5E1EF046B2005A14CE /* LoginViewController.m in Sources */,
				113FFE561F04067100162188 /* InitialSetUpViewController.m in Sources */,
				114CFBF11EF02F39002F4B7D /* AppDelegate.m in Sources */,
				118038341EF17CEB0062DEF9 /* HomeViewController.m in Sources */,
				11FDFA301F05752000C3ADBF /* RegisterViewController.m in Sources */,
				113FFE481F02B30500162188 /* ProfileViewController.m in Sources */,
				115A5CF51EF18AFF00E86921 /* TabBarViewController.m in Sources */,
				114CFBEE1EF02F39002F4B7D /* main.m in Sources */,
				11FDFA211F0535E600C3ADBF /* AppUtils.m in Sources */,
			);
			runOnlyForDeploymentPostprocessing = 0;
		};
/* End PBXSourcesBuildPhase section */

/* Begin PBXVariantGroup section */
		114CFBF51EF02F39002F4B7D /* Main.storyboard */ = {
			isa = PBXVariantGroup;
			children = (
				114CFBF61EF02F39002F4B7D /* Base */,
			);
			name = Main.storyboard;
			sourceTree = "<group>";
		};
		114CFBFA1EF02F39002F4B7D /* LaunchScreen.storyboard */ = {
			isa = PBXVariantGroup;
			children = (
				114CFBFB1EF02F39002F4B7D /* Base */,
			);
			name = LaunchScreen.storyboard;
			sourceTree = "<group>";
		};
/* End PBXVariantGroup section */

/* Begin XCBuildConfiguration section */
		114CFBFE1EF02F39002F4B7D /* Debug */ = {
			isa = XCBuildConfiguration;
			buildSettings = {
				ALWAYS_SEARCH_USER_PATHS = NO;
				CLANG_ANALYZER_NONNULL = YES;
				CLANG_ANALYZER_NUMBER_OBJECT_CONVERSION = YES_AGGRESSIVE;
				CLANG_CXX_LANGUAGE_STANDARD = "gnu++0x";
				CLANG_CXX_LIBRARY = "libc++";
				CLANG_ENABLE_MODULES = YES;
				CLANG_ENABLE_OBJC_ARC = YES;
				CLANG_WARN_BOOL_CONVERSION = YES;
				CLANG_WARN_CONSTANT_CONVERSION = YES;
				CLANG_WARN_DIRECT_OBJC_ISA_USAGE = YES_ERROR;
				CLANG_WARN_DOCUMENTATION_COMMENTS = YES;
				CLANG_WARN_EMPTY_BODY = YES;
				CLANG_WARN_ENUM_CONVERSION = YES;
				CLANG_WARN_INFINITE_RECURSION = YES;
				CLANG_WARN_INT_CONVERSION = YES;
				CLANG_WARN_OBJC_ROOT_CLASS = YES_ERROR;
				CLANG_WARN_SUSPICIOUS_MOVE = YES;
				CLANG_WARN_UNREACHABLE_CODE = YES;
				CLANG_WARN__DUPLICATE_METHOD_MATCH = YES;
				"CODE_SIGN_IDENTITY[sdk=iphoneos*]" = "iPhone Developer";
				COPY_PHASE_STRIP = NO;
				DEBUG_INFORMATION_FORMAT = dwarf;
				ENABLE_STRICT_OBJC_MSGSEND = YES;
				ENABLE_TESTABILITY = YES;
				GCC_C_LANGUAGE_STANDARD = gnu99;
				GCC_DYNAMIC_NO_PIC = NO;
				GCC_NO_COMMON_BLOCKS = YES;
				GCC_OPTIMIZATION_LEVEL = 0;
				GCC_PREPROCESSOR_DEFINITIONS = (
					"DEBUG=1",
					"$(inherited)",
				);
				GCC_WARN_64_TO_32_BIT_CONVERSION = YES;
				GCC_WARN_ABOUT_RETURN_TYPE = YES_ERROR;
				GCC_WARN_UNDECLARED_SELECTOR = YES;
				GCC_WARN_UNINITIALIZED_AUTOS = YES_AGGRESSIVE;
				GCC_WARN_UNUSED_FUNCTION = YES;
				GCC_WARN_UNUSED_VARIABLE = YES;
				IPHONEOS_DEPLOYMENT_TARGET = 10.3;
				MTL_ENABLE_DEBUG_INFO = YES;
				ONLY_ACTIVE_ARCH = YES;
				SDKROOT = iphoneos;
			};
			name = Debug;
		};
		114CFBFF1EF02F39002F4B7D /* Release */ = {
			isa = XCBuildConfiguration;
			buildSettings = {
				ALWAYS_SEARCH_USER_PATHS = NO;
				CLANG_ANALYZER_NONNULL = YES;
				CLANG_ANALYZER_NUMBER_OBJECT_CONVERSION = YES_AGGRESSIVE;
				CLANG_CXX_LANGUAGE_STANDARD = "gnu++0x";
				CLANG_CXX_LIBRARY = "libc++";
				CLANG_ENABLE_MODULES = YES;
				CLANG_ENABLE_OBJC_ARC = YES;
				CLANG_WARN_BOOL_CONVERSION = YES;
				CLANG_WARN_CONSTANT_CONVERSION = YES;
				CLANG_WARN_DIRECT_OBJC_ISA_USAGE = YES_ERROR;
				CLANG_WARN_DOCUMENTATION_COMMENTS = YES;
				CLANG_WARN_EMPTY_BODY = YES;
				CLANG_WARN_ENUM_CONVERSION = YES;
				CLANG_WARN_INFINITE_RECURSION = YES;
				CLANG_WARN_INT_CONVERSION = YES;
				CLANG_WARN_OBJC_ROOT_CLASS = YES_ERROR;
				CLANG_WARN_SUSPICIOUS_MOVE = YES;
				CLANG_WARN_UNREACHABLE_CODE = YES;
				CLANG_WARN__DUPLICATE_METHOD_MATCH = YES;
				"CODE_SIGN_IDENTITY[sdk=iphoneos*]" = "iPhone Developer";
				COPY_PHASE_STRIP = NO;
				DEBUG_INFORMATION_FORMAT = "dwarf-with-dsym";
				ENABLE_NS_ASSERTIONS = NO;
				ENABLE_STRICT_OBJC_MSGSEND = YES;
				GCC_C_LANGUAGE_STANDARD = gnu99;
				GCC_NO_COMMON_BLOCKS = YES;
				GCC_WARN_64_TO_32_BIT_CONVERSION = YES;
				GCC_WARN_ABOUT_RETURN_TYPE = YES_ERROR;
				GCC_WARN_UNDECLARED_SELECTOR = YES;
				GCC_WARN_UNINITIALIZED_AUTOS = YES_AGGRESSIVE;
				GCC_WARN_UNUSED_FUNCTION = YES;
				GCC_WARN_UNUSED_VARIABLE = YES;
				IPHONEOS_DEPLOYMENT_TARGET = 10.3;
				MTL_ENABLE_DEBUG_INFO = NO;
				SDKROOT = iphoneos;
				VALIDATE_PRODUCT = YES;
			};
			name = Release;
		};
		114CFC011EF02F39002F4B7D /* Debug */ = {
			isa = XCBuildConfiguration;
			baseConfigurationReference = 02A39FFB4C0F6B3D1805F895 /* Pods-WeVolunteer.debug.xcconfig */;
			buildSettings = {
				ASSETCATALOG_COMPILER_APPICON_NAME = AppIcon;
				DEVELOPMENT_TEAM = W5849F638E;
				INFOPLIST_FILE = WeVolunteer/Info.plist;
				LD_RUNPATH_SEARCH_PATHS = "$(inherited) @executable_path/Frameworks";
				PRODUCT_BUNDLE_IDENTIFIER = com.danieloliveira.WeVolunteer2;
				PRODUCT_NAME = "$(TARGET_NAME)";
			};
			name = Debug;
		};
		114CFC021EF02F39002F4B7D /* Release */ = {
			isa = XCBuildConfiguration;
			baseConfigurationReference = A56522C5797B734E61C07D76 /* Pods-WeVolunteer.release.xcconfig */;
			buildSettings = {
				ASSETCATALOG_COMPILER_APPICON_NAME = AppIcon;
				DEVELOPMENT_TEAM = W5849F638E;
				INFOPLIST_FILE = WeVolunteer/Info.plist;
				LD_RUNPATH_SEARCH_PATHS = "$(inherited) @executable_path/Frameworks";
				PRODUCT_BUNDLE_IDENTIFIER = com.danieloliveira.WeVolunteer2;
				PRODUCT_NAME = "$(TARGET_NAME)";
			};
			name = Release;
		};
/* End XCBuildConfiguration section */

/* Begin XCConfigurationList section */
		114CFBE41EF02F39002F4B7D /* Build configuration list for PBXProject "WeVolunteer" */ = {
			isa = XCConfigurationList;
			buildConfigurations = (
				114CFBFE1EF02F39002F4B7D /* Debug */,
				114CFBFF1EF02F39002F4B7D /* Release */,
			);
			defaultConfigurationIsVisible = 0;
			defaultConfigurationName = Release;
		};
		114CFC001EF02F39002F4B7D /* Build configuration list for PBXNativeTarget "WeVolunteer" */ = {
			isa = XCConfigurationList;
			buildConfigurations = (
				114CFC011EF02F39002F4B7D /* Debug */,
				114CFC021EF02F39002F4B7D /* Release */,
			);
			defaultConfigurationIsVisible = 0;
			defaultConfigurationName = Release;
		};
/* End XCConfigurationList section */
	};
	rootObject = 114CFBE11EF02F39002F4B7D /* Project object */;
}
